
Microsoft Visual Studio Solution File, Format Version 12.00
# Visual Studio Version 16
VisualStudioVersion = 16.0.31911.196
MinimumVisualStudioVersion = 10.0.40219.1
Project("{FAE04EC0-301F-11D3-BF4B-00C04F79EFBC}") = "MechSoftExample", "MechSoftExample\MechSoftExample.csproj", "{0338852B-A410-4509-AE93-7AEAFC4FD9FD}"
EndProject
Global
	GlobalSection(SolutionConfigurationPlatforms) = preSolution
		Debug|Any CPU = Debug|Any CPU
		Release|Any CPU = Release|Any CPU
	EndGlobalSection
	GlobalSection(ProjectConfigurationPlatforms) = postSolution
		{0338852B-A410-4509-AE93-7AEAFC4FD9FD}.Debug|Any CPU.ActiveCfg = Debug|Any CPU
		{0338852B-A410-4509-AE93-7AEAFC4FD9FD}.Debug|Any CPU.Build.0 = Debug|Any CPU
		{0338852B-A410-4509-AE93-7AEAFC4FD9FD}.Release|Any CPU.ActiveCfg = Release|Any CPU
		{0338852B-A410-4509-AE93-7AEAFC4FD9FD}.Release|Any CPU.Build.0 = Release|Any CPU
	EndGlobalSection
	GlobalSection(SolutionProperties) = preSolution
		HideSolutionNode = FALSE
	EndGlobalSection
	GlobalSection(ExtensibilityGlobals) = postSolution
		SolutionGuid = {6F81581E-2857-4BE1-BC91-045FEC430F6F}
	EndGlobalSection
EndGlobal
